// !$*UTF8*$!
{
	archiveVersion = 1;
	classes = {
	};
	objectVersion = 50;
	objects = {

/* Begin PBXBuildFile section */
		1A044661226D4F4700E9A843 /* Money.swift in Sources */ = {isa = PBXBuildFile; fileRef = 1A044660226D4F4700E9A843 /* Money.swift */; };
		1A8820A2226BDDB800CA2D67 /* StorageService.swift in Sources */ = {isa = PBXBuildFile; fileRef = 1A8820A1226BDDB800CA2D67 /* StorageService.swift */; };
		1A8820A4226BE7F800CA2D67 /* Extensions.swift in Sources */ = {isa = PBXBuildFile; fileRef = 1A8820A3226BE7F800CA2D67 /* Extensions.swift */; };
		1A8820A6226BF28600CA2D67 /* ProductTableViewController.swift in Sources */ = {isa = PBXBuildFile; fileRef = 1A8820A5226BF28600CA2D67 /* ProductTableViewController.swift */; };
		1A8820A8226BF65E00CA2D67 /* RatesUtil.swift in Sources */ = {isa = PBXBuildFile; fileRef = 1A8820A7226BF65E00CA2D67 /* RatesUtil.swift */; };
		1AAD1C0A226E1471007D5864 /* MoneyTests.swift in Sources */ = {isa = PBXBuildFile; fileRef = 1AAD1C09226E1471007D5864 /* MoneyTests.swift */; };
		1AAD1C0C226E2FC9007D5864 /* ExtensionsTests.swift in Sources */ = {isa = PBXBuildFile; fileRef = 1AAD1C0B226E2FC9007D5864 /* ExtensionsTests.swift */; };
		1AC3A39A227232AD001E4100 /* GoliathAPI.swift in Sources */ = {isa = PBXBuildFile; fileRef = 1AC3A399227232AD001E4100 /* GoliathAPI.swift */; };
		1AC3A39C22724135001E4100 /* GoliathAPITests.swift in Sources */ = {isa = PBXBuildFile; fileRef = 1AC3A39B22724135001E4100 /* GoliathAPITests.swift */; };
		1AF229C0226A48D700EFE163 /* AppDelegate.swift in Sources */ = {isa = PBXBuildFile; fileRef = 1AF229BF226A48D700EFE163 /* AppDelegate.swift */; };
		1AF229C2226A48D700EFE163 /* ViewController.swift in Sources */ = {isa = PBXBuildFile; fileRef = 1AF229C1226A48D700EFE163 /* ViewController.swift */; };
		1AF229C5226A48D700EFE163 /* Main.storyboard in Resources */ = {isa = PBXBuildFile; fileRef = 1AF229C3226A48D700EFE163 /* Main.storyboard */; };
		1AF229C7226A48D900EFE163 /* Assets.xcassets in Resources */ = {isa = PBXBuildFile; fileRef = 1AF229C6226A48D900EFE163 /* Assets.xcassets */; };
		1AF229CA226A48D900EFE163 /* LaunchScreen.storyboard in Resources */ = {isa = PBXBuildFile; fileRef = 1AF229C8226A48D900EFE163 /* LaunchScreen.storyboard */; };
		1AF229D5226A48D900EFE163 /* GoliathIBMTests.swift in Sources */ = {isa = PBXBuildFile; fileRef = 1AF229D4226A48D900EFE163 /* GoliathIBMTests.swift */; };
		1AF229E0226A4C6300EFE163 /* Rate.swift in Sources */ = {isa = PBXBuildFile; fileRef = 1AF229DF226A4C6300EFE163 /* Rate.swift */; };
		1AF229E3226A4D5300EFE163 /* Transaction.swift in Sources */ = {isa = PBXBuildFile; fileRef = 1AF229E2226A4D5300EFE163 /* Transaction.swift */; };
		1AF229E6226A4E7100EFE163 /* LightNavController.swift in Sources */ = {isa = PBXBuildFile; fileRef = 1AF229E5226A4E7100EFE163 /* LightNavController.swift */; };
		1AF229FF226A889100EFE163 /* transactions.json in Resources */ = {isa = PBXBuildFile; fileRef = 1AF229FE226A889100EFE163 /* transactions.json */; };
		1AF22A01226A891500EFE163 /* rates.json in Resources */ = {isa = PBXBuildFile; fileRef = 1AF22A00226A891500EFE163 /* rates.json */; };
		1AF22A03226A898900EFE163 /* JSONTestCase.swift in Sources */ = {isa = PBXBuildFile; fileRef = 1AF22A02226A898900EFE163 /* JSONTestCase.swift */; };
		1AF22A05226A8EA000EFE163 /* ViewModelTests.swift in Sources */ = {isa = PBXBuildFile; fileRef = 1AF22A04226A8EA000EFE163 /* ViewModelTests.swift */; };
		1AF22A0C226A9D9100EFE163 /* TransactionViewModel.swift in Sources */ = {isa = PBXBuildFile; fileRef = 1AF22A0B226A9D9100EFE163 /* TransactionViewModel.swift */; };
		1AF22A13226AA5D600EFE163 /* MockRates.swift in Sources */ = {isa = PBXBuildFile; fileRef = 1AF22A12226AA5D600EFE163 /* MockRates.swift */; };
		1AF8FC7B226CE21F0061444D /* RatesUtilTests.swift in Sources */ = {isa = PBXBuildFile; fileRef = 1AF8FC7A226CE21F0061444D /* RatesUtilTests.swift */; };
		1AF8FC7D226CE7F90061444D /* StorageServiceTests.swift in Sources */ = {isa = PBXBuildFile; fileRef = 1AF8FC7C226CE7F90061444D /* StorageServiceTests.swift */; };
		221E1B17B707861D1DB1FAD0 /* Pods_GoliathIBM.framework in Frameworks */ = {isa = PBXBuildFile; fileRef = 172372C4B93975FB2B0E6537 /* Pods_GoliathIBM.framework */; };
		D147E2B375EC03CDE8ABD334 /* Pods_GoliathIBMTests.framework in Frameworks */ = {isa = PBXBuildFile; fileRef = B13FC56F1AE6F4605D1E87D6 /* Pods_GoliathIBMTests.framework */; };
/* End PBXBuildFile section */

/* Begin PBXContainerItemProxy section */
		1AF229D1226A48D900EFE163 /* PBXContainerItemProxy */ = {
			isa = PBXContainerItemProxy;
			containerPortal = 1AF229B4226A48D700EFE163 /* Project object */;
			proxyType = 1;
			remoteGlobalIDString = 1AF229BB226A48D700EFE163;
			remoteInfo = GoliathIBM;
		};
/* End PBXContainerItemProxy section */

/* Begin PBXFileReference section */
		172372C4B93975FB2B0E6537 /* Pods_GoliathIBM.framework */ = {isa = PBXFileReference; explicitFileType = wrapper.framework; includeInIndex = 0; path = Pods_GoliathIBM.framework; sourceTree = BUILT_PRODUCTS_DIR; };
		1A044660226D4F4700E9A843 /* Money.swift */ = {isa = PBXFileReference; lastKnownFileType = sourcecode.swift; path = Money.swift; sourceTree = "<group>"; };
		1A8820A1226BDDB800CA2D67 /* StorageService.swift */ = {isa = PBXFileReference; lastKnownFileType = sourcecode.swift; path = StorageService.swift; sourceTree = "<group>"; };
		1A8820A3226BE7F800CA2D67 /* Extensions.swift */ = {isa = PBXFileReference; lastKnownFileType = sourcecode.swift; path = Extensions.swift; sourceTree = "<group>"; };
		1A8820A5226BF28600CA2D67 /* ProductTableViewController.swift */ = {isa = PBXFileReference; lastKnownFileType = sourcecode.swift; path = ProductTableViewController.swift; sourceTree = "<group>"; };
		1A8820A7226BF65E00CA2D67 /* RatesUtil.swift */ = {isa = PBXFileReference; lastKnownFileType = sourcecode.swift; path = RatesUtil.swift; sourceTree = "<group>"; };
		1AAD1C09226E1471007D5864 /* MoneyTests.swift */ = {isa = PBXFileReference; lastKnownFileType = sourcecode.swift; path = MoneyTests.swift; sourceTree = "<group>"; };
		1AAD1C0B226E2FC9007D5864 /* ExtensionsTests.swift */ = {isa = PBXFileReference; lastKnownFileType = sourcecode.swift; path = ExtensionsTests.swift; sourceTree = "<group>"; };
		1AC3A399227232AD001E4100 /* GoliathAPI.swift */ = {isa = PBXFileReference; lastKnownFileType = sourcecode.swift; path = GoliathAPI.swift; sourceTree = "<group>"; };
		1AC3A39B22724135001E4100 /* GoliathAPITests.swift */ = {isa = PBXFileReference; lastKnownFileType = sourcecode.swift; path = GoliathAPITests.swift; sourceTree = "<group>"; };
		1AF229BC226A48D700EFE163 /* GoliathIBM.app */ = {isa = PBXFileReference; explicitFileType = wrapper.application; includeInIndex = 0; path = GoliathIBM.app; sourceTree = BUILT_PRODUCTS_DIR; };
		1AF229BF226A48D700EFE163 /* AppDelegate.swift */ = {isa = PBXFileReference; lastKnownFileType = sourcecode.swift; path = AppDelegate.swift; sourceTree = "<group>"; };
		1AF229C1226A48D700EFE163 /* ViewController.swift */ = {isa = PBXFileReference; lastKnownFileType = sourcecode.swift; path = ViewController.swift; sourceTree = "<group>"; };
		1AF229C4226A48D700EFE163 /* Base */ = {isa = PBXFileReference; lastKnownFileType = file.storyboard; name = Base; path = Base.lproj/Main.storyboard; sourceTree = "<group>"; };
		1AF229C6226A48D900EFE163 /* Assets.xcassets */ = {isa = PBXFileReference; lastKnownFileType = folder.assetcatalog; path = Assets.xcassets; sourceTree = "<group>"; };
		1AF229C9226A48D900EFE163 /* Base */ = {isa = PBXFileReference; lastKnownFileType = file.storyboard; name = Base; path = Base.lproj/LaunchScreen.storyboard; sourceTree = "<group>"; };
		1AF229CB226A48D900EFE163 /* Info.plist */ = {isa = PBXFileReference; lastKnownFileType = text.plist.xml; path = Info.plist; sourceTree = "<group>"; };
		1AF229D0226A48D900EFE163 /* GoliathIBMTests.xctest */ = {isa = PBXFileReference; explicitFileType = wrapper.cfbundle; includeInIndex = 0; path = GoliathIBMTests.xctest; sourceTree = BUILT_PRODUCTS_DIR; };
		1AF229D4226A48D900EFE163 /* GoliathIBMTests.swift */ = {isa = PBXFileReference; lastKnownFileType = sourcecode.swift; path = GoliathIBMTests.swift; sourceTree = "<group>"; };
		1AF229D6226A48D900EFE163 /* Info.plist */ = {isa = PBXFileReference; lastKnownFileType = text.plist.xml; path = Info.plist; sourceTree = "<group>"; };
		1AF229DF226A4C6300EFE163 /* Rate.swift */ = {isa = PBXFileReference; lastKnownFileType = sourcecode.swift; path = Rate.swift; sourceTree = "<group>"; };
		1AF229E2226A4D5300EFE163 /* Transaction.swift */ = {isa = PBXFileReference; lastKnownFileType = sourcecode.swift; path = Transaction.swift; sourceTree = "<group>"; };
		1AF229E5226A4E7100EFE163 /* LightNavController.swift */ = {isa = PBXFileReference; lastKnownFileType = sourcecode.swift; path = LightNavController.swift; sourceTree = "<group>"; };
		1AF229FE226A889100EFE163 /* transactions.json */ = {isa = PBXFileReference; lastKnownFileType = text.json; path = transactions.json; sourceTree = "<group>"; };
		1AF22A00226A891500EFE163 /* rates.json */ = {isa = PBXFileReference; lastKnownFileType = text.json; path = rates.json; sourceTree = "<group>"; };
		1AF22A02226A898900EFE163 /* JSONTestCase.swift */ = {isa = PBXFileReference; lastKnownFileType = sourcecode.swift; path = JSONTestCase.swift; sourceTree = "<group>"; };
		1AF22A04226A8EA000EFE163 /* ViewModelTests.swift */ = {isa = PBXFileReference; lastKnownFileType = sourcecode.swift; path = ViewModelTests.swift; sourceTree = "<group>"; };
		1AF22A0B226A9D9100EFE163 /* TransactionViewModel.swift */ = {isa = PBXFileReference; lastKnownFileType = sourcecode.swift; path = TransactionViewModel.swift; sourceTree = "<group>"; };
		1AF22A12226AA5D600EFE163 /* MockRates.swift */ = {isa = PBXFileReference; lastKnownFileType = sourcecode.swift; path = MockRates.swift; sourceTree = "<group>"; };
		1AF8FC7A226CE21F0061444D /* RatesUtilTests.swift */ = {isa = PBXFileReference; lastKnownFileType = sourcecode.swift; path = RatesUtilTests.swift; sourceTree = "<group>"; };
		1AF8FC7C226CE7F90061444D /* StorageServiceTests.swift */ = {isa = PBXFileReference; lastKnownFileType = sourcecode.swift; path = StorageServiceTests.swift; sourceTree = "<group>"; };
		2F8B8A14EDB1E8D1CBC5D528 /* Pods-GoliathIBM.release.xcconfig */ = {isa = PBXFileReference; includeInIndex = 1; lastKnownFileType = text.xcconfig; name = "Pods-GoliathIBM.release.xcconfig"; path = "Pods/Target Support Files/Pods-GoliathIBM/Pods-GoliathIBM.release.xcconfig"; sourceTree = "<group>"; };
		633686C81CDA09C84ADA6809 /* Pods-GoliathIBMTests.release.xcconfig */ = {isa = PBXFileReference; includeInIndex = 1; lastKnownFileType = text.xcconfig; name = "Pods-GoliathIBMTests.release.xcconfig"; path = "Pods/Target Support Files/Pods-GoliathIBMTests/Pods-GoliathIBMTests.release.xcconfig"; sourceTree = "<group>"; };
		AB9B090B00B57D2B8039F46D /* Pods-GoliathIBMTests.debug.xcconfig */ = {isa = PBXFileReference; includeInIndex = 1; lastKnownFileType = text.xcconfig; name = "Pods-GoliathIBMTests.debug.xcconfig"; path = "Pods/Target Support Files/Pods-GoliathIBMTests/Pods-GoliathIBMTests.debug.xcconfig"; sourceTree = "<group>"; };
		B13FC56F1AE6F4605D1E87D6 /* Pods_GoliathIBMTests.framework */ = {isa = PBXFileReference; explicitFileType = wrapper.framework; includeInIndex = 0; path = Pods_GoliathIBMTests.framework; sourceTree = BUILT_PRODUCTS_DIR; };
		BB61EBCB1C92F4514AFE106C /* Pods-GoliathIBM.debug.xcconfig */ = {isa = PBXFileReference; includeInIndex = 1; lastKnownFileType = text.xcconfig; name = "Pods-GoliathIBM.debug.xcconfig"; path = "Pods/Target Support Files/Pods-GoliathIBM/Pods-GoliathIBM.debug.xcconfig"; sourceTree = "<group>"; };
/* End PBXFileReference section */

/* Begin PBXFrameworksBuildPhase section */
		1AF229B9226A48D700EFE163 /* Frameworks */ = {
			isa = PBXFrameworksBuildPhase;
			buildActionMask = 2147483647;
			files = (
				221E1B17B707861D1DB1FAD0 /* Pods_GoliathIBM.framework in Frameworks */,
			);
			runOnlyForDeploymentPostprocessing = 0;
		};
		1AF229CD226A48D900EFE163 /* Frameworks */ = {
			isa = PBXFrameworksBuildPhase;
			buildActionMask = 2147483647;
			files = (
				D147E2B375EC03CDE8ABD334 /* Pods_GoliathIBMTests.framework in Frameworks */,
			);
			runOnlyForDeploymentPostprocessing = 0;
		};
/* End PBXFrameworksBuildPhase section */

/* Begin PBXGroup section */
		1AF229B3226A48D700EFE163 = {
			isa = PBXGroup;
			children = (
				1AF229BE226A48D700EFE163 /* GoliathIBM */,
				1AF229D3226A48D900EFE163 /* GoliathIBMTests */,
				1AF229BD226A48D700EFE163 /* Products */,
				4FC7EAE70544F06E831399DD /* Pods */,
				3767CD3D8365A7B6406EA2CB /* Frameworks */,
			);
			sourceTree = "<group>";
		};
		1AF229BD226A48D700EFE163 /* Products */ = {
			isa = PBXGroup;
			children = (
				1AF229BC226A48D700EFE163 /* GoliathIBM.app */,
				1AF229D0226A48D900EFE163 /* GoliathIBMTests.xctest */,
			);
			name = Products;
			sourceTree = "<group>";
		};
		1AF229BE226A48D700EFE163 /* GoliathIBM */ = {
			isa = PBXGroup;
			children = (
				1AF8FC7E226CF3C60061444D /* Storage Service */,
				1AF229BF226A48D700EFE163 /* AppDelegate.swift */,
				1AF229E1226A4D4600EFE163 /* Model */,
				1AF22A11226AA2E100EFE163 /* ViewModel */,
				1AF229E4226A4E3F00EFE163 /* VCs */,
				1AF229C3226A48D700EFE163 /* Main.storyboard */,
				1AF229C6226A48D900EFE163 /* Assets.xcassets */,
				1AF229C8226A48D900EFE163 /* LaunchScreen.storyboard */,
				1AF229CB226A48D900EFE163 /* Info.plist */,
				1AF8FC7F226CF3D40061444D /* Extensions and Utils */,
				1AC3A399227232AD001E4100 /* GoliathAPI.swift */,
			);
			path = GoliathIBM;
			sourceTree = "<group>";
		};
		1AF229D3226A48D900EFE163 /* GoliathIBMTests */ = {
			isa = PBXGroup;
			children = (
				1AF229D4226A48D900EFE163 /* GoliathIBMTests.swift */,
				1AF229D6226A48D900EFE163 /* Info.plist */,
				1AF229FE226A889100EFE163 /* transactions.json */,
				1AF22A00226A891500EFE163 /* rates.json */,
				1AF22A02226A898900EFE163 /* JSONTestCase.swift */,
				1AF22A04226A8EA000EFE163 /* ViewModelTests.swift */,
				1AF22A12226AA5D600EFE163 /* MockRates.swift */,
				1AF8FC7A226CE21F0061444D /* RatesUtilTests.swift */,
				1AF8FC7C226CE7F90061444D /* StorageServiceTests.swift */,
				1AAD1C09226E1471007D5864 /* MoneyTests.swift */,
				1AAD1C0B226E2FC9007D5864 /* ExtensionsTests.swift */,
				1AC3A39B22724135001E4100 /* GoliathAPITests.swift */,
			);
			path = GoliathIBMTests;
			sourceTree = "<group>";
		};
		1AF229E1226A4D4600EFE163 /* Model */ = {
			isa = PBXGroup;
			children = (
				1A044660226D4F4700E9A843 /* Money.swift */,
				1AF229DF226A4C6300EFE163 /* Rate.swift */,
				1AF229E2226A4D5300EFE163 /* Transaction.swift */,
			);
			path = Model;
			sourceTree = "<group>";
		};
		1AF229E4226A4E3F00EFE163 /* VCs */ = {
			isa = PBXGroup;
			children = (
				1AF229C1226A48D700EFE163 /* ViewController.swift */,
				1A8820A5226BF28600CA2D67 /* ProductTableViewController.swift */,
			);
			path = VCs;
			sourceTree = "<group>";
		};
		1AF22A11226AA2E100EFE163 /* ViewModel */ = {
			isa = PBXGroup;
			children = (
				1AF22A0B226A9D9100EFE163 /* TransactionViewModel.swift */,
			);
			path = ViewModel;
			sourceTree = "<group>";
		};
		1AF8FC7E226CF3C60061444D /* Storage Service */ = {
			isa = PBXGroup;
			children = (
				1A8820A1226BDDB800CA2D67 /* StorageService.swift */,
			);
			path = "Storage Service";
			sourceTree = "<group>";
		};
		1AF8FC7F226CF3D40061444D /* Extensions and Utils */ = {
			isa = PBXGroup;
			children = (
				1AF229E5226A4E7100EFE163 /* LightNavController.swift */,
				1A8820A3226BE7F800CA2D67 /* Extensions.swift */,
				1A8820A7226BF65E00CA2D67 /* RatesUtil.swift */,
			);
			path = "Extensions and Utils";
			sourceTree = "<group>";
		};
		3767CD3D8365A7B6406EA2CB /* Frameworks */ = {
			isa = PBXGroup;
			children = (
				172372C4B93975FB2B0E6537 /* Pods_GoliathIBM.framework */,
				B13FC56F1AE6F4605D1E87D6 /* Pods_GoliathIBMTests.framework */,
			);
			name = Frameworks;
			sourceTree = "<group>";
		};
		4FC7EAE70544F06E831399DD /* Pods */ = {
			isa = PBXGroup;
			children = (
				BB61EBCB1C92F4514AFE106C /* Pods-GoliathIBM.debug.xcconfig */,
				2F8B8A14EDB1E8D1CBC5D528 /* Pods-GoliathIBM.release.xcconfig */,
				AB9B090B00B57D2B8039F46D /* Pods-GoliathIBMTests.debug.xcconfig */,
				633686C81CDA09C84ADA6809 /* Pods-GoliathIBMTests.release.xcconfig */,
			);
			name = Pods;
			sourceTree = "<group>";
		};
/* End PBXGroup section */

/* Begin PBXNativeTarget section */
		1AF229BB226A48D700EFE163 /* GoliathIBM */ = {
			isa = PBXNativeTarget;
			buildConfigurationList = 1AF229D9226A48D900EFE163 /* Build configuration list for PBXNativeTarget "GoliathIBM" */;
			buildPhases = (
				FF2D3EEFC210334D23D2EB17 /* [CP] Check Pods Manifest.lock */,
				1AF229B8226A48D700EFE163 /* Sources */,
				1AF229B9226A48D700EFE163 /* Frameworks */,
				1AF229BA226A48D700EFE163 /* Resources */,
				9D463D8158402E662A5C8F16 /* [CP] Embed Pods Frameworks */,
			);
			buildRules = (
			);
			dependencies = (
			);
			name = GoliathIBM;
			productName = GoliathIBM;
			productReference = 1AF229BC226A48D700EFE163 /* GoliathIBM.app */;
			productType = "com.apple.product-type.application";
		};
		1AF229CF226A48D900EFE163 /* GoliathIBMTests */ = {
			isa = PBXNativeTarget;
			buildConfigurationList = 1AF229DC226A48D900EFE163 /* Build configuration list for PBXNativeTarget "GoliathIBMTests" */;
			buildPhases = (
				9ACCA4804959D7B7FCBC1DF2 /* [CP] Check Pods Manifest.lock */,
				1AF229CC226A48D900EFE163 /* Sources */,
				1AF229CD226A48D900EFE163 /* Frameworks */,
				1AF229CE226A48D900EFE163 /* Resources */,
			);
			buildRules = (
			);
			dependencies = (
				1AF229D2226A48D900EFE163 /* PBXTargetDependency */,
			);
			name = GoliathIBMTests;
			productName = GoliathIBMTests;
			productReference = 1AF229D0226A48D900EFE163 /* GoliathIBMTests.xctest */;
			productType = "com.apple.product-type.bundle.unit-test";
		};
/* End PBXNativeTarget section */

/* Begin PBXProject section */
		1AF229B4226A48D700EFE163 /* Project object */ = {
			isa = PBXProject;
			attributes = {
				LastSwiftUpdateCheck = 1020;
				LastUpgradeCheck = 1020;
				ORGANIZATIONNAME = "Raul Martinez Padilla";
				TargetAttributes = {
					1AF229BB226A48D700EFE163 = {
						CreatedOnToolsVersion = 10.2.1;
					};
					1AF229CF226A48D900EFE163 = {
						CreatedOnToolsVersion = 10.2.1;
						TestTargetID = 1AF229BB226A48D700EFE163;
					};
				};
			};
			buildConfigurationList = 1AF229B7226A48D700EFE163 /* Build configuration list for PBXProject "GoliathIBM" */;
			compatibilityVersion = "Xcode 9.3";
			developmentRegion = en;
			hasScannedForEncodings = 0;
			knownRegions = (
				en,
				Base,
			);
			mainGroup = 1AF229B3226A48D700EFE163;
			productRefGroup = 1AF229BD226A48D700EFE163 /* Products */;
			projectDirPath = "";
			projectRoot = "";
			targets = (
				1AF229BB226A48D700EFE163 /* GoliathIBM */,
				1AF229CF226A48D900EFE163 /* GoliathIBMTests */,
			);
		};
/* End PBXProject section */

/* Begin PBXResourcesBuildPhase section */
		1AF229BA226A48D700EFE163 /* Resources */ = {
			isa = PBXResourcesBuildPhase;
			buildActionMask = 2147483647;
			files = (
				1AF229CA226A48D900EFE163 /* LaunchScreen.storyboard in Resources */,
				1AF229C7226A48D900EFE163 /* Assets.xcassets in Resources */,
				1AF229C5226A48D700EFE163 /* Main.storyboard in Resources */,
			);
			runOnlyForDeploymentPostprocessing = 0;
		};
		1AF229CE226A48D900EFE163 /* Resources */ = {
			isa = PBXResourcesBuildPhase;
			buildActionMask = 2147483647;
			files = (
				1AF229FF226A889100EFE163 /* transactions.json in Resources */,
				1AF22A01226A891500EFE163 /* rates.json in Resources */,
			);
			runOnlyForDeploymentPostprocessing = 0;
		};
/* End PBXResourcesBuildPhase section */

/* Begin PBXShellScriptBuildPhase section */
		9ACCA4804959D7B7FCBC1DF2 /* [CP] Check Pods Manifest.lock */ = {
			isa = PBXShellScriptBuildPhase;
			buildActionMask = 2147483647;
			files = (
			);
			inputFileListPaths = (
			);
			inputPaths = (
				"${PODS_PODFILE_DIR_PATH}/Podfile.lock",
				"${PODS_ROOT}/Manifest.lock",
			);
			name = "[CP] Check Pods Manifest.lock";
			outputFileListPaths = (
			);
			outputPaths = (
				"$(DERIVED_FILE_DIR)/Pods-GoliathIBMTests-checkManifestLockResult.txt",
			);
			runOnlyForDeploymentPostprocessing = 0;
			shellPath = /bin/sh;
			shellScript = "diff \"${PODS_PODFILE_DIR_PATH}/Podfile.lock\" \"${PODS_ROOT}/Manifest.lock\" > /dev/null\nif [ $? != 0 ] ; then\n    # print error to STDERR\n    echo \"error: The sandbox is not in sync with the Podfile.lock. Run 'pod install' or update your CocoaPods installation.\" >&2\n    exit 1\nfi\n# This output is used by Xcode 'outputs' to avoid re-running this script phase.\necho \"SUCCESS\" > \"${SCRIPT_OUTPUT_FILE_0}\"\n";
			showEnvVarsInLog = 0;
		};
		9D463D8158402E662A5C8F16 /* [CP] Embed Pods Frameworks */ = {
			isa = PBXShellScriptBuildPhase;
			buildActionMask = 2147483647;
			files = (
			);
			inputFileListPaths = (
			);
			inputPaths = (
				"${SRCROOT}/Pods/Target Support Files/Pods-GoliathIBM/Pods-GoliathIBM-frameworks.sh",
				"${BUILT_PRODUCTS_DIR}/Alamofire/Alamofire.framework",
				"${BUILT_PRODUCTS_DIR}/Moya/Moya.framework",
				"${BUILT_PRODUCTS_DIR}/Result/Result.framework",
			);
			name = "[CP] Embed Pods Frameworks";
			outputFileListPaths = (
			);
			outputPaths = (
				"${TARGET_BUILD_DIR}/${FRAMEWORKS_FOLDER_PATH}/Alamofire.framework",
				"${TARGET_BUILD_DIR}/${FRAMEWORKS_FOLDER_PATH}/Moya.framework",
				"${TARGET_BUILD_DIR}/${FRAMEWORKS_FOLDER_PATH}/Result.framework",
			);
			runOnlyForDeploymentPostprocessing = 0;
			shellPath = /bin/sh;
			shellScript = "\"${SRCROOT}/Pods/Target Support Files/Pods-GoliathIBM/Pods-GoliathIBM-frameworks.sh\"\n";
			showEnvVarsInLog = 0;
		};
		FF2D3EEFC210334D23D2EB17 /* [CP] Check Pods Manifest.lock */ = {
			isa = PBXShellScriptBuildPhase;
			buildActionMask = 2147483647;
			files = (
			);
			inputFileListPaths = (
			);
			inputPaths = (
				"${PODS_PODFILE_DIR_PATH}/Podfile.lock",
				"${PODS_ROOT}/Manifest.lock",
			);
			name = "[CP] Check Pods Manifest.lock";
			outputFileListPaths = (
			);
			outputPaths = (
				"$(DERIVED_FILE_DIR)/Pods-GoliathIBM-checkManifestLockResult.txt",
			);
			runOnlyForDeploymentPostprocessing = 0;
			shellPath = /bin/sh;
			shellScript = "diff \"${PODS_PODFILE_DIR_PATH}/Podfile.lock\" \"${PODS_ROOT}/Manifest.lock\" > /dev/null\nif [ $? != 0 ] ; then\n    # print error to STDERR\n    echo \"error: The sandbox is not in sync with the Podfile.lock. Run 'pod install' or update your CocoaPods installation.\" >&2\n    exit 1\nfi\n# This output is used by Xcode 'outputs' to avoid re-running this script phase.\necho \"SUCCESS\" > \"${SCRIPT_OUTPUT_FILE_0}\"\n";
			showEnvVarsInLog = 0;
		};
/* End PBXShellScriptBuildPhase section */

/* Begin PBXSourcesBuildPhase section */
		1AF229B8226A48D700EFE163 /* Sources */ = {
			isa = PBXSourcesBuildPhase;
			buildActionMask = 2147483647;
			files = (
				1AC3A39A227232AD001E4100 /* GoliathAPI.swift in Sources */,
				1A8820A6226BF28600CA2D67 /* ProductTableViewController.swift in Sources */,
				1AF229E0226A4C6300EFE163 /* Rate.swift in Sources */,
				1AF229E6226A4E7100EFE163 /* LightNavController.swift in Sources */,
				1A8820A8226BF65E00CA2D67 /* RatesUtil.swift in Sources */,
				1AF229C2226A48D700EFE163 /* ViewController.swift in Sources */,
				1A8820A4226BE7F800CA2D67 /* Extensions.swift in Sources */,
				1AF229E3226A4D5300EFE163 /* Transaction.swift in Sources */,
				1A044661226D4F4700E9A843 /* Money.swift in Sources */,
				1A8820A2226BDDB800CA2D67 /* StorageService.swift in Sources */,
				1AF22A0C226A9D9100EFE163 /* TransactionViewModel.swift in Sources */,
				1AF229C0226A48D700EFE163 /* AppDelegate.swift in Sources */,
			);
			runOnlyForDeploymentPostprocessing = 0;
		};
		1AF229CC226A48D900EFE163 /* Sources */ = {
			isa = PBXSourcesBuildPhase;
			buildActionMask = 2147483647;
			files = (
				1AF229D5226A48D900EFE163 /* GoliathIBMTests.swift in Sources */,
				1AF22A03226A898900EFE163 /* JSONTestCase.swift in Sources */,
				1AF22A05226A8EA000EFE163 /* ViewModelTests.swift in Sources */,
				1AF22A13226AA5D600EFE163 /* MockRates.swift in Sources */,
				1AF8FC7B226CE21F0061444D /* RatesUtilTests.swift in Sources */,
				1AAD1C0A226E1471007D5864 /* MoneyTests.swift in Sources */,
				1AAD1C0C226E2FC9007D5864 /* ExtensionsTests.swift in Sources */,
				1AF8FC7D226CE7F90061444D /* StorageServiceTests.swift in Sources */,
				1AC3A39C22724135001E4100 /* GoliathAPITests.swift in Sources */,
			);
			runOnlyForDeploymentPostprocessing = 0;
		};
/* End PBXSourcesBuildPhase section */

/* Begin PBXTargetDependency section */
		1AF229D2226A48D900EFE163 /* PBXTargetDependency */ = {
			isa = PBXTargetDependency;
			target = 1AF229BB226A48D700EFE163 /* GoliathIBM */;
			targetProxy = 1AF229D1226A48D900EFE163 /* PBXContainerItemProxy */;
		};
/* End PBXTargetDependency section */

/* Begin PBXVariantGroup section */
		1AF229C3226A48D700EFE163 /* Main.storyboard */ = {
			isa = PBXVariantGroup;
			children = (
				1AF229C4226A48D700EFE163 /* Base */,
			);
			name = Main.storyboard;
			sourceTree = "<group>";
		};
		1AF229C8226A48D900EFE163 /* LaunchScreen.storyboard */ = {
			isa = PBXVariantGroup;
			children = (
				1AF229C9226A48D900EFE163 /* Base */,
			);
			name = LaunchScreen.storyboard;
			sourceTree = "<group>";
		};
/* End PBXVariantGroup section */

/* Begin XCBuildConfiguration section */
		1AF229D7226A48D900EFE163 /* Debug */ = {
			isa = XCBuildConfiguration;
			buildSettings = {
				ALWAYS_SEARCH_USER_PATHS = NO;
				CLANG_ANALYZER_NONNULL = YES;
				CLANG_ANALYZER_NUMBER_OBJECT_CONVERSION = YES_AGGRESSIVE;
				CLANG_CXX_LANGUAGE_STANDARD = "gnu++14";
				CLANG_CXX_LIBRARY = "libc++";
				CLANG_ENABLE_MODULES = YES;
				CLANG_ENABLE_OBJC_ARC = YES;
				CLANG_ENABLE_OBJC_WEAK = YES;
				CLANG_WARN_BLOCK_CAPTURE_AUTORELEASING = YES;
				CLANG_WARN_BOOL_CONVERSION = YES;
				CLANG_WARN_COMMA = YES;
				CLANG_WARN_CONSTANT_CONVERSION = YES;
				CLANG_WARN_DEPRECATED_OBJC_IMPLEMENTATIONS = YES;
				CLANG_WARN_DIRECT_OBJC_ISA_USAGE = YES_ERROR;
				CLANG_WARN_DOCUMENTATION_COMMENTS = YES;
				CLANG_WARN_EMPTY_BODY = YES;
				CLANG_WARN_ENUM_CONVERSION = YES;
				CLANG_WARN_INFINITE_RECURSION = YES;
				CLANG_WARN_INT_CONVERSION = YES;
				CLANG_WARN_NON_LITERAL_NULL_CONVERSION = YES;
				CLANG_WARN_OBJC_IMPLICIT_RETAIN_SELF = YES;
				CLANG_WARN_OBJC_LITERAL_CONVERSION = YES;
				CLANG_WARN_OBJC_ROOT_CLASS = YES_ERROR;
				CLANG_WARN_RANGE_LOOP_ANALYSIS = YES;
				CLANG_WARN_STRICT_PROTOTYPES = YES;
				CLANG_WARN_SUSPICIOUS_MOVE = YES;
				CLANG_WARN_UNGUARDED_AVAILABILITY = YES_AGGRESSIVE;
				CLANG_WARN_UNREACHABLE_CODE = YES;
				CLANG_WARN__DUPLICATE_METHOD_MATCH = YES;
				CODE_SIGN_IDENTITY = "iPhone Developer";
				COPY_PHASE_STRIP = NO;
				DEBUG_INFORMATION_FORMAT = dwarf;
				ENABLE_STRICT_OBJC_MSGSEND = YES;
				ENABLE_TESTABILITY = YES;
				GCC_C_LANGUAGE_STANDARD = gnu11;
				GCC_DYNAMIC_NO_PIC = NO;
				GCC_NO_COMMON_BLOCKS = YES;
				GCC_OPTIMIZATION_LEVEL = 0;
				GCC_PREPROCESSOR_DEFINITIONS = (
					"DEBUG=1",
					"$(inherited)",
				);
				GCC_WARN_64_TO_32_BIT_CONVERSION = YES;
				GCC_WARN_ABOUT_RETURN_TYPE = YES_ERROR;
				GCC_WARN_UNDECLARED_SELECTOR = YES;
				GCC_WARN_UNINITIALIZED_AUTOS = YES_AGGRESSIVE;
				GCC_WARN_UNUSED_FUNCTION = YES;
				GCC_WARN_UNUSED_VARIABLE = YES;
				IPHONEOS_DEPLOYMENT_TARGET = 12.2;
				MTL_ENABLE_DEBUG_INFO = INCLUDE_SOURCE;
				MTL_FAST_MATH = YES;
				ONLY_ACTIVE_ARCH = YES;
				SDKROOT = iphoneos;
				SWIFT_ACTIVE_COMPILATION_CONDITIONS = DEBUG;
				SWIFT_OPTIMIZATION_LEVEL = "-Onone";
			};
			name = Debug;
		};
		1AF229D8226A48D900EFE163 /* Release */ = {
			isa = XCBuildConfiguration;
			buildSettings = {
				ALWAYS_SEARCH_USER_PATHS = NO;
				CLANG_ANALYZER_NONNULL = YES;
				CLANG_ANALYZER_NUMBER_OBJECT_CONVERSION = YES_AGGRESSIVE;
				CLANG_CXX_LANGUAGE_STANDARD = "gnu++14";
				CLANG_CXX_LIBRARY = "libc++";
				CLANG_ENABLE_MODULES = YES;
				CLANG_ENABLE_OBJC_ARC = YES;
				CLANG_ENABLE_OBJC_WEAK = YES;
				CLANG_WARN_BLOCK_CAPTURE_AUTORELEASING = YES;
				CLANG_WARN_BOOL_CONVERSION = YES;
				CLANG_WARN_COMMA = YES;
				CLANG_WARN_CONSTANT_CONVERSION = YES;
				CLANG_WARN_DEPRECATED_OBJC_IMPLEMENTATIONS = YES;
				CLANG_WARN_DIRECT_OBJC_ISA_USAGE = YES_ERROR;
				CLANG_WARN_DOCUMENTATION_COMMENTS = YES;
				CLANG_WARN_EMPTY_BODY = YES;
				CLANG_WARN_ENUM_CONVERSION = YES;
				CLANG_WARN_INFINITE_RECURSION = YES;
				CLANG_WARN_INT_CONVERSION = YES;
				CLANG_WARN_NON_LITERAL_NULL_CONVERSION = YES;
				CLANG_WARN_OBJC_IMPLICIT_RETAIN_SELF = YES;
				CLANG_WARN_OBJC_LITERAL_CONVERSION = YES;
				CLANG_WARN_OBJC_ROOT_CLASS = YES_ERROR;
				CLANG_WARN_RANGE_LOOP_ANALYSIS = YES;
				CLANG_WARN_STRICT_PROTOTYPES = YES;
				CLANG_WARN_SUSPICIOUS_MOVE = YES;
				CLANG_WARN_UNGUARDED_AVAILABILITY = YES_AGGRESSIVE;
				CLANG_WARN_UNREACHABLE_CODE = YES;
				CLANG_WARN__DUPLICATE_METHOD_MATCH = YES;
				CODE_SIGN_IDENTITY = "iPhone Developer";
				COPY_PHASE_STRIP = NO;
				DEBUG_INFORMATION_FORMAT = "dwarf-with-dsym";
				ENABLE_NS_ASSERTIONS = NO;
				ENABLE_STRICT_OBJC_MSGSEND = YES;
				GCC_C_LANGUAGE_STANDARD = gnu11;
				GCC_NO_COMMON_BLOCKS = YES;
				GCC_WARN_64_TO_32_BIT_CONVERSION = YES;
				GCC_WARN_ABOUT_RETURN_TYPE = YES_ERROR;
				GCC_WARN_UNDECLARED_SELECTOR = YES;
				GCC_WARN_UNINITIALIZED_AUTOS = YES_AGGRESSIVE;
				GCC_WARN_UNUSED_FUNCTION = YES;
				GCC_WARN_UNUSED_VARIABLE = YES;
				IPHONEOS_DEPLOYMENT_TARGET = 12.2;
				MTL_ENABLE_DEBUG_INFO = NO;
				MTL_FAST_MATH = YES;
				SDKROOT = iphoneos;
				SWIFT_COMPILATION_MODE = wholemodule;
				SWIFT_OPTIMIZATION_LEVEL = "-O";
				VALIDATE_PRODUCT = YES;
			};
			name = Release;
		};
		1AF229DA226A48D900EFE163 /* Debug */ = {
			isa = XCBuildConfiguration;
			baseConfigurationReference = BB61EBCB1C92F4514AFE106C /* Pods-GoliathIBM.debug.xcconfig */;
			buildSettings = {
				ASSETCATALOG_COMPILER_APPICON_NAME = AppIcon;
				CODE_SIGN_STYLE = Automatic;
				DEVELOPMENT_TEAM = 8TZ5KWSLJQ;
				INFOPLIST_FILE = GoliathIBM/Info.plist;
				LD_RUNPATH_SEARCH_PATHS = (
					"$(inherited)",
					"@executable_path/Frameworks",
				);
				PRODUCT_BUNDLE_IDENTIFIER = com.deceroainfinito.GoliathIBM;
				PRODUCT_NAME = "$(TARGET_NAME)";
				SWIFT_VERSION = 5.0;
				TARGETED_DEVICE_FAMILY = "1,2";
			};
			name = Debug;
		};
		1AF229DB226A48D900EFE163 /* Release */ = {
			isa = XCBuildConfiguration;
			baseConfigurationReference = 2F8B8A14EDB1E8D1CBC5D528 /* Pods-GoliathIBM.release.xcconfig */;
			buildSettings = {
				ASSETCATALOG_COMPILER_APPICON_NAME = AppIcon;
				CODE_SIGN_STYLE = Automatic;
				DEVELOPMENT_TEAM = 8TZ5KWSLJQ;
				INFOPLIST_FILE = GoliathIBM/Info.plist;
				LD_RUNPATH_SEARCH_PATHS = (
					"$(inherited)",
					"@executable_path/Frameworks",
				);
				PRODUCT_BUNDLE_IDENTIFIER = com.deceroainfinito.GoliathIBM;
				PRODUCT_NAME = "$(TARGET_NAME)";
				SWIFT_VERSION = 5.0;
				TARGETED_DEVICE_FAMILY = "1,2";
			};
			name = Release;
		};
		1AF229DD226A48D900EFE163 /* Debug */ = {
			isa = XCBuildConfiguration;
			baseConfigurationReference = AB9B090B00B57D2B8039F46D /* Pods-GoliathIBMTests.debug.xcconfig */;
			buildSettings = {
				ALWAYS_EMBED_SWIFT_STANDARD_LIBRARIES = YES;
				BUNDLE_LOADER = "$(TEST_HOST)";
				CODE_SIGN_STYLE = Automatic;
				DEVELOPMENT_TEAM = 8TZ5KWSLJQ;
				INFOPLIST_FILE = GoliathIBMTests/Info.plist;
				LD_RUNPATH_SEARCH_PATHS = (
					"$(inherited)",
					"@executable_path/Frameworks",
					"@loader_path/Frameworks",
				);
				PRODUCT_BUNDLE_IDENTIFIER = com.deceroainfinito.GoliathIBMTests;
				PRODUCT_NAME = "$(TARGET_NAME)";
				SWIFT_VERSION = 5.0;
				TARGETED_DEVICE_FAMILY = "1,2";
				TEST_HOST = "$(BUILT_PRODUCTS_DIR)/GoliathIBM.app/GoliathIBM";
			};
			name = Debug;
		};
		1AF229DE226A48D900EFE163 /* Release */ = {
			isa = XCBuildConfiguration;
			baseConfigurationReference = 633686C81CDA09C84ADA6809 /* Pods-GoliathIBMTests.release.xcconfig */;
			buildSettings = {
				ALWAYS_EMBED_SWIFT_STANDARD_LIBRARIES = YES;
				BUNDLE_LOADER = "$(TEST_HOST)";
				CODE_SIGN_STYLE = Automatic;
				DEVELOPMENT_TEAM = 8TZ5KWSLJQ;
				INFOPLIST_FILE = GoliathIBMTests/Info.plist;
				LD_RUNPATH_SEARCH_PATHS = (
					"$(inherited)",
					"@executable_path/Frameworks",
					"@loader_path/Frameworks",
				);
				PRODUCT_BUNDLE_IDENTIFIER = com.deceroainfinito.GoliathIBMTests;
				PRODUCT_NAME = "$(TARGET_NAME)";
				SWIFT_VERSION = 5.0;
				TARGETED_DEVICE_FAMILY = "1,2";
				TEST_HOST = "$(BUILT_PRODUCTS_DIR)/GoliathIBM.app/GoliathIBM";
			};
			name = Release;
		};
/* End XCBuildConfiguration section */

/* Begin XCConfigurationList section */
		1AF229B7226A48D700EFE163 /* Build configuration list for PBXProject "GoliathIBM" */ = {
			isa = XCConfigurationList;
			buildConfigurations = (
				1AF229D7226A48D900EFE163 /* Debug */,
				1AF229D8226A48D900EFE163 /* Release */,
			);
			defaultConfigurationIsVisible = 0;
			defaultConfigurationName = Release;
		};
		1AF229D9226A48D900EFE163 /* Build configuration list for PBXNativeTarget "GoliathIBM" */ = {
			isa = XCConfigurationList;
			buildConfigurations = (
				1AF229DA226A48D900EFE163 /* Debug */,
				1AF229DB226A48D900EFE163 /* Release */,
			);
			defaultConfigurationIsVisible = 0;
			defaultConfigurationName = Release;
		};
		1AF229DC226A48D900EFE163 /* Build configuration list for PBXNativeTarget "GoliathIBMTests" */ = {
			isa = XCConfigurationList;
			buildConfigurations = (
				1AF229DD226A48D900EFE163 /* Debug */,
				1AF229DE226A48D900EFE163 /* Release */,
			);
			defaultConfigurationIsVisible = 0;
			defaultConfigurationName = Release;
		};
/* End XCConfigurationList section */
	};
	rootObject = 1AF229B4226A48D700EFE163 /* Project object */;
}
